{
  "nodes": {
    "flake-utils": {
      "inputs": {
        "systems": "systems"
      },
      "locked": {
        "lastModified": 1694529238,
        "narHash": "sha256-zsNZZGTGnMOf9YpHKJqMSsa0dXbfmxeoJ7xHlrt+xmY=",
        "owner": "numtide",
        "repo": "flake-utils",
        "rev": "ff7b65b44d01cf9ba6a71320833626af21126384",
        "type": "github"
      },
      "original": {
        "id": "flake-utils",
        "type": "indirect"
      }
    },
    "jsonresume-nix": {
      "inputs": {
        "flake-utils": [
          "flake-utils"
        ],
        "nixpkgs": "nixpkgs"
      },
      "locked": {
        "lastModified": 1698263634,
        "narHash": "sha256-Kn/eZJA8rtO/oXlTMWEmFvGPf5FneiZ0pN6HkNFb1us=",
        "owner": "TaserudConsulting",
        "repo": "jsonresume-nix",
        "rev": "8b4889d7f8b95db3dcb5a9b10636b358b3dc231f",
        "type": "github"
      },
      "original": {
        "owner": "TaserudConsulting",
        "repo": "jsonresume-nix",
        "type": "github"
      }
    },
    "nixpkgs": {
      "locked": {
        "lastModified": 1697915759,
        "narHash": "sha256-WyMj5jGcecD+KC8gEs+wFth1J1wjisZf8kVZH13f1Zo=",
        "owner": "NixOS",
        "repo": "nixpkgs",
        "rev": "51d906d2341c9e866e48c2efcaac0f2d70bfd43e",
        "type": "github"
      },
      "original": {
        "id": "nixpkgs",
        "type": "indirect"
      }
    },
    "nixpkgs_2": {
      "locked": {
        "lastModified": 1697915759,
        "narHash": "sha256-WyMj5jGcecD+KC8gEs+wFth1J1wjisZf8kVZH13f1Zo=",
        "owner": "NixOS",
        "repo": "nixpkgs",
        "rev": "51d906d2341c9e866e48c2efcaac0f2d70bfd43e",
        "type": "github"
      },
      "original": {
        "id": "nixpkgs",
        "type": "indirect"
      }
    },
    "root": {
      "inputs": {
        "flake-utils": "flake-utils",
        "jsonresume-nix": "jsonresume-nix",
        "nixpkgs": "nixpkgs_2"
      }
    },
    "systems": {
      "locked": {
        "lastModified": 1681028828,
        "narHash": "sha256-Vy1rq5AaRuLzOxct8nz4T6wlgyUR7zLU309k9mBC768=",
        "owner": "nix-systems",
        "repo": "default",
        "rev": "da67096a3b9bf56a91d16901293e51ba5b49a27e",
        "type": "github"
      },
      "original": {
        "owner": "nix-systems",
        "repo": "default",
        "type": "github"
      }
    }
  },
  "root": "root",
  "version": 7
}
